
Microsoft Visual Studio Solution File, Format Version 12.00
# Visual Studio Version 16
VisualStudioVersion = 16.0.31402.337
MinimumVisualStudioVersion = 10.0.40219.1
Project("{FAE04EC0-301F-11D3-BF4B-00C04F79EFBC}") = "WFA_RastGeleOgrenciButonlar", "WFA_RastGeleOgrenciButonlar\WFA_RastGeleOgrenciButonlar.csproj", "{CC9D75FC-5976-44F5-90A1-84E14C45EDD1}"
EndProject
Global
	GlobalSection(SolutionConfigurationPlatforms) = preSolution
		Debug|Any CPU = Debug|Any CPU
		Release|Any CPU = Release|Any CPU
	EndGlobalSection
	GlobalSection(ProjectConfigurationPlatforms) = postSolution
		{CC9D75FC-5976-44F5-90A1-84E14C45EDD1}.Debug|Any CPU.ActiveCfg = Debug|Any CPU
		{CC9D75FC-5976-44F5-90A1-84E14C45EDD1}.Debug|Any CPU.Build.0 = Debug|Any CPU
		{CC9D75FC-5976-44F5-90A1-84E14C45EDD1}.Release|Any CPU.ActiveCfg = Release|Any CPU
		{CC9D75FC-5976-44F5-90A1-84E14C45EDD1}.Release|Any CPU.Build.0 = Release|Any CPU
	EndGlobalSection
	GlobalSection(SolutionProperties) = preSolution
		HideSolutionNode = FALSE
	EndGlobalSection
	GlobalSection(ExtensibilityGlobals) = postSolution
		SolutionGuid = {F7BBE4C7-F262-4345-A719-DA35108F65CF}
	EndGlobalSection
EndGlobal
