
Microsoft Visual Studio Solution File, Format Version 12.00
# Visual Studio Version 16
VisualStudioVersion = 16.0.31402.337
MinimumVisualStudioVersion = 10.0.40219.1
Project("{FAE04EC0-301F-11D3-BF4B-00C04F79EFBC}") = "WFA_McAdam", "WFA_McAdam\WFA_McAdam.csproj", "{5451B0C6-416C-4F7F-817A-049F22654159}"
EndProject
Global
	GlobalSection(SolutionConfigurationPlatforms) = preSolution
		Debug|Any CPU = Debug|Any CPU
		Release|Any CPU = Release|Any CPU
	EndGlobalSection
	GlobalSection(ProjectConfigurationPlatforms) = postSolution
		{5451B0C6-416C-4F7F-817A-049F22654159}.Debug|Any CPU.ActiveCfg = Debug|Any CPU
		{5451B0C6-416C-4F7F-817A-049F22654159}.Debug|Any CPU.Build.0 = Debug|Any CPU
		{5451B0C6-416C-4F7F-817A-049F22654159}.Release|Any CPU.ActiveCfg = Release|Any CPU
		{5451B0C6-416C-4F7F-817A-049F22654159}.Release|Any CPU.Build.0 = Release|Any CPU
	EndGlobalSection
	GlobalSection(SolutionProperties) = preSolution
		HideSolutionNode = FALSE
	EndGlobalSection
	GlobalSection(ExtensibilityGlobals) = postSolution
		SolutionGuid = {3E9E162E-6C37-4FAD-94E9-E10BEE6CB45A}
	EndGlobalSection
EndGlobal
